// !$*UTF8*$!
{
	archiveVersion = 1;
	classes = {
	};
	objectVersion = 56;
	objects = {

/* Begin PBXBuildFile section */
		DBA1D1EE299CEE3C00C84C9F /* Extension.swift in Sources */ = {isa = PBXBuildFile; fileRef = DBA1D1ED299CEE3C00C84C9F /* Extension.swift */; };
		DBD744D5299AD2EF005C2EC8 /* AppDelegate.swift in Sources */ = {isa = PBXBuildFile; fileRef = DBD744D4299AD2EF005C2EC8 /* AppDelegate.swift */; };
		DBD744D7299AD2EF005C2EC8 /* SceneDelegate.swift in Sources */ = {isa = PBXBuildFile; fileRef = DBD744D6299AD2EF005C2EC8 /* SceneDelegate.swift */; };
		DBD744D9299AD2EF005C2EC8 /* ViewController.swift in Sources */ = {isa = PBXBuildFile; fileRef = DBD744D8299AD2EF005C2EC8 /* ViewController.swift */; };
		DBD744DE299AD2F0005C2EC8 /* Assets.xcassets in Resources */ = {isa = PBXBuildFile; fileRef = DBD744DD299AD2F0005C2EC8 /* Assets.xcassets */; };
		DBD744E1299AD2F0005C2EC8 /* LaunchScreen.storyboard in Resources */ = {isa = PBXBuildFile; fileRef = DBD744DF299AD2F0005C2EC8 /* LaunchScreen.storyboard */; };
/* End PBXBuildFile section */

/* Begin PBXFileReference section */
		DBA1D1ED299CEE3C00C84C9F /* Extension.swift */ = {isa = PBXFileReference; lastKnownFileType = sourcecode.swift; path = Extension.swift; sourceTree = "<group>"; };
		DBD744D1299AD2EF005C2EC8 /* BruteForcePassword.app */ = {isa = PBXFileReference; explicitFileType = wrapper.application; includeInIndex = 0; path = BruteForcePassword.app; sourceTree = BUILT_PRODUCTS_DIR; };
		DBD744D4299AD2EF005C2EC8 /* AppDelegate.swift */ = {isa = PBXFileReference; lastKnownFileType = sourcecode.swift; path = AppDelegate.swift; sourceTree = "<group>"; };
		DBD744D6299AD2EF005C2EC8 /* SceneDelegate.swift */ = {isa = PBXFileReference; lastKnownFileType = sourcecode.swift; path = SceneDelegate.swift; sourceTree = "<group>"; };
		DBD744D8299AD2EF005C2EC8 /* ViewController.swift */ = {isa = PBXFileReference; lastKnownFileType = sourcecode.swift; path = ViewController.swift; sourceTree = "<group>"; };
		DBD744DD299AD2F0005C2EC8 /* Assets.xcassets */ = {isa = PBXFileReference; lastKnownFileType = folder.assetcatalog; path = Assets.xcassets; sourceTree = "<group>"; };
		DBD744E0299AD2F0005C2EC8 /* Base */ = {isa = PBXFileReference; lastKnownFileType = file.storyboard; name = Base; path = Base.lproj/LaunchScreen.storyboard; sourceTree = "<group>"; };
		DBD744E2299AD2F0005C2EC8 /* Info.plist */ = {isa = PBXFileReference; lastKnownFileType = text.plist.xml; path = Info.plist; sourceTree = "<group>"; };
/* End PBXFileReference section */

/* Begin PBXFrameworksBuildPhase section */
		DBD744CE299AD2EF005C2EC8 /* Frameworks */ = {
			isa = PBXFrameworksBuildPhase;
			buildActionMask = 2147483647;
			files = (
			);
			runOnlyForDeploymentPostprocessing = 0;
		};
/* End PBXFrameworksBuildPhase section */

/* Begin PBXGroup section */
		DBA1D1EC299CDAF100C84C9F /* Controller */ = {
			isa = PBXGroup;
			children = (
				DBD744D8299AD2EF005C2EC8 /* ViewController.swift */,
				DBA1D1ED299CEE3C00C84C9F /* Extension.swift */,
			);
			path = Controller;
			sourceTree = "<group>";
		};
		DBD744C8299AD2EF005C2EC8 = {
			isa = PBXGroup;
			children = (
				DBD744D3299AD2EF005C2EC8 /* BruteForcePassword */,
				DBD744D2299AD2EF005C2EC8 /* Products */,
			);
			sourceTree = "<group>";
		};
		DBD744D2299AD2EF005C2EC8 /* Products */ = {
			isa = PBXGroup;
			children = (
				DBD744D1299AD2EF005C2EC8 /* BruteForcePassword.app */,
			);
			name = Products;
			sourceTree = "<group>";
		};
		DBD744D3299AD2EF005C2EC8 /* BruteForcePassword */ = {
			isa = PBXGroup;
			children = (
				DBD744E9299ADB81005C2EC8 /* Resources */,
				DBD744E8299ADB7B005C2EC8 /* Sources */,
			);
			path = BruteForcePassword;
			sourceTree = "<group>";
		};
		DBD744E8299ADB7B005C2EC8 /* Sources */ = {
			isa = PBXGroup;
			children = (
				DBD744EA299ADBAE005C2EC8 /* App */,
				DBA1D1EC299CDAF100C84C9F /* Controller */,
			);
			path = Sources;
			sourceTree = "<group>";
		};
		DBD744E9299ADB81005C2EC8 /* Resources */ = {
			isa = PBXGroup;
			children = (
				DBD744DD299AD2F0005C2EC8 /* Assets.xcassets */,
				DBD744DF299AD2F0005C2EC8 /* LaunchScreen.storyboard */,
				DBD744E2299AD2F0005C2EC8 /* Info.plist */,
			);
			path = Resources;
			sourceTree = "<group>";
		};
		DBD744EA299ADBAE005C2EC8 /* App */ = {
			isa = PBXGroup;
			children = (
				DBD744D4299AD2EF005C2EC8 /* AppDelegate.swift */,
				DBD744D6299AD2EF005C2EC8 /* SceneDelegate.swift */,
			);
			path = App;
			sourceTree = "<group>";
		};
/* End PBXGroup section */

/* Begin PBXNativeTarget section */
		DBD744D0299AD2EF005C2EC8 /* BruteForcePassword */ = {
			isa = PBXNativeTarget;
			buildConfigurationList = DBD744E5299AD2F0005C2EC8 /* Build configuration list for PBXNativeTarget "BruteForcePassword" */;
			buildPhases = (
				DBD744CD299AD2EF005C2EC8 /* Sources */,
				DBD744CE299AD2EF005C2EC8 /* Frameworks */,
				DBD744CF299AD2EF005C2EC8 /* Resources */,
			);
			buildRules = (
			);
			dependencies = (
			);
			name = BruteForcePassword;
			productName = BruteForcePassword;
			productReference = DBD744D1299AD2EF005C2EC8 /* BruteForcePassword.app */;
			productType = "com.apple.product-type.application";
		};
/* End PBXNativeTarget section */

/* Begin PBXProject section */
		DBD744C9299AD2EF005C2EC8 /* Project object */ = {
			isa = PBXProject;
			attributes = {
				BuildIndependentTargetsInParallel = 1;
				LastSwiftUpdateCheck = 1400;
				LastUpgradeCheck = 1400;
				TargetAttributes = {
					DBD744D0299AD2EF005C2EC8 = {
						CreatedOnToolsVersion = 14.0.1;
					};
				};
			};
			buildConfigurationList = DBD744CC299AD2EF005C2EC8 /* Build configuration list for PBXProject "BruteForcePassword" */;
			compatibilityVersion = "Xcode 14.0";
			developmentRegion = en;
			hasScannedForEncodings = 0;
			knownRegions = (
				en,
				Base,
			);
			mainGroup = DBD744C8299AD2EF005C2EC8;
			productRefGroup = DBD744D2299AD2EF005C2EC8 /* Products */;
			projectDirPath = "";
			projectRoot = "";
			targets = (
				DBD744D0299AD2EF005C2EC8 /* BruteForcePassword */,
			);
		};
/* End PBXProject section */

/* Begin PBXResourcesBuildPhase section */
		DBD744CF299AD2EF005C2EC8 /* Resources */ = {
			isa = PBXResourcesBuildPhase;
			buildActionMask = 2147483647;
			files = (
				DBD744E1299AD2F0005C2EC8 /* LaunchScreen.storyboard in Resources */,
				DBD744DE299AD2F0005C2EC8 /* Assets.xcassets in Resources */,
			);
			runOnlyForDeploymentPostprocessing = 0;
		};
/* End PBXResourcesBuildPhase section */

/* Begin PBXSourcesBuildPhase section */
		DBD744CD299AD2EF005C2EC8 /* Sources */ = {
			isa = PBXSourcesBuildPhase;
			buildActionMask = 2147483647;
			files = (
				DBD744D9299AD2EF005C2EC8 /* ViewController.swift in Sources */,
				DBD744D5299AD2EF005C2EC8 /* AppDelegate.swift in Sources */,
				DBD744D7299AD2EF005C2EC8 /* SceneDelegate.swift in Sources */,
				DBA1D1EE299CEE3C00C84C9F /* Extension.swift in Sources */,
			);
			runOnlyForDeploymentPostprocessing = 0;
		};
/* End PBXSourcesBuildPhase section */

/* Begin PBXVariantGroup section */
		DBD744DF299AD2F0005C2EC8 /* LaunchScreen.storyboard */ = {
			isa = PBXVariantGroup;
			children = (
				DBD744E0299AD2F0005C2EC8 /* Base */,
			);
			name = LaunchScreen.storyboard;
			sourceTree = "<group>";
		};
/* End PBXVariantGroup section */

/* Begin XCBuildConfiguration section */
		DBD744E3299AD2F0005C2EC8 /* Debug */ = {
			isa = XCBuildConfiguration;
			buildSettings = {
				ALWAYS_SEARCH_USER_PATHS = NO;
				CLANG_ANALYZER_NONNULL = YES;
				CLANG_ANALYZER_NUMBER_OBJECT_CONVERSION = YES_AGGRESSIVE;
				CLANG_CXX_LANGUAGE_STANDARD = "gnu++20";
				CLANG_ENABLE_MODULES = YES;
				CLANG_ENABLE_OBJC_ARC = YES;
				CLANG_ENABLE_OBJC_WEAK = YES;
				CLANG_WARN_BLOCK_CAPTURE_AUTORELEASING = YES;
				CLANG_WARN_BOOL_CONVERSION = YES;
				CLANG_WARN_COMMA = YES;
				CLANG_WARN_CONSTANT_CONVERSION = YES;
				CLANG_WARN_DEPRECATED_OBJC_IMPLEMENTATIONS = YES;
				CLANG_WARN_DIRECT_OBJC_ISA_USAGE = YES_ERROR;
				CLANG_WARN_DOCUMENTATION_COMMENTS = YES;
				CLANG_WARN_EMPTY_BODY = YES;
				CLANG_WARN_ENUM_CONVERSION = YES;
				CLANG_WARN_INFINITE_RECURSION = YES;
				CLANG_WARN_INT_CONVERSION = YES;
				CLANG_WARN_NON_LITERAL_NULL_CONVERSION = YES;
				CLANG_WARN_OBJC_IMPLICIT_RETAIN_SELF = YES;
				CLANG_WARN_OBJC_LITERAL_CONVERSION = YES;
				CLANG_WARN_OBJC_ROOT_CLASS = YES_ERROR;
				CLANG_WARN_QUOTED_INCLUDE_IN_FRAMEWORK_HEADER = YES;
				CLANG_WARN_RANGE_LOOP_ANALYSIS = YES;
				CLANG_WARN_STRICT_PROTOTYPES = YES;
				CLANG_WARN_SUSPICIOUS_MOVE = YES;
				CLANG_WARN_UNGUARDED_AVAILABILITY = YES_AGGRESSIVE;
				CLANG_WARN_UNREACHABLE_CODE = YES;
				CLANG_WARN__DUPLICATE_METHOD_MATCH = YES;
				COPY_PHASE_STRIP = NO;
				DEBUG_INFORMATION_FORMAT = dwarf;
				ENABLE_STRICT_OBJC_MSGSEND = YES;
				ENABLE_TESTABILITY = YES;
				GCC_C_LANGUAGE_STANDARD = gnu11;
				GCC_DYNAMIC_NO_PIC = NO;
				GCC_NO_COMMON_BLOCKS = YES;
				GCC_OPTIMIZATION_LEVEL = 0;
				GCC_PREPROCESSOR_DEFINITIONS = (
					"DEBUG=1",
					"$(inherited)",
				);
				GCC_WARN_64_TO_32_BIT_CONVERSION = YES;
				GCC_WARN_ABOUT_RETURN_TYPE = YES_ERROR;
				GCC_WARN_UNDECLARED_SELECTOR = YES;
				GCC_WARN_UNINITIALIZED_AUTOS = YES_AGGRESSIVE;
				GCC_WARN_UNUSED_FUNCTION = YES;
				GCC_WARN_UNUSED_VARIABLE = YES;
				IPHONEOS_DEPLOYMENT_TARGET = 16.0;
				MTL_ENABLE_DEBUG_INFO = INCLUDE_SOURCE;
				MTL_FAST_MATH = YES;
				ONLY_ACTIVE_ARCH = YES;
				SDKROOT = iphoneos;
				SWIFT_ACTIVE_COMPILATION_CONDITIONS = DEBUG;
				SWIFT_OPTIMIZATION_LEVEL = "-Onone";
			};
			name = Debug;
		};
		DBD744E4299AD2F0005C2EC8 /* Release */ = {
			isa = XCBuildConfiguration;
			buildSettings = {
				ALWAYS_SEARCH_USER_PATHS = NO;
				CLANG_ANALYZER_NONNULL = YES;
				CLANG_ANALYZER_NUMBER_OBJECT_CONVERSION = YES_AGGRESSIVE;
				CLANG_CXX_LANGUAGE_STANDARD = "gnu++20";
				CLANG_ENABLE_MODULES = YES;
				CLANG_ENABLE_OBJC_ARC = YES;
				CLANG_ENABLE_OBJC_WEAK = YES;
				CLANG_WARN_BLOCK_CAPTURE_AUTORELEASING = YES;
				CLANG_WARN_BOOL_CONVERSION = YES;
				CLANG_WARN_COMMA = YES;
				CLANG_WARN_CONSTANT_CONVERSION = YES;
				CLANG_WARN_DEPRECATED_OBJC_IMPLEMENTATIONS = YES;
				CLANG_WARN_DIRECT_OBJC_ISA_USAGE = YES_ERROR;
				CLANG_WARN_DOCUMENTATION_COMMENTS = YES;
				CLANG_WARN_EMPTY_BODY = YES;
				CLANG_WARN_ENUM_CONVERSION = YES;
				CLANG_WARN_INFINITE_RECURSION = YES;
				CLANG_WARN_INT_CONVERSION = YES;
				CLANG_WARN_NON_LITERAL_NULL_CONVERSION = YES;
				CLANG_WARN_OBJC_IMPLICIT_RETAIN_SELF = YES;
				CLANG_WARN_OBJC_LITERAL_CONVERSION = YES;
				CLANG_WARN_OBJC_ROOT_CLASS = YES_ERROR;
				CLANG_WARN_QUOTED_INCLUDE_IN_FRAMEWORK_HEADER = YES;
				CLANG_WARN_RANGE_LOOP_ANALYSIS = YES;
				CLANG_WARN_STRICT_PROTOTYPES = YES;
				CLANG_WARN_SUSPICIOUS_MOVE = YES;
				CLANG_WARN_UNGUARDED_AVAILABILITY = YES_AGGRESSIVE;
				CLANG_WARN_UNREACHABLE_CODE = YES;
				CLANG_WARN__DUPLICATE_METHOD_MATCH = YES;
				COPY_PHASE_STRIP = NO;
				DEBUG_INFORMATION_FORMAT = "dwarf-with-dsym";
				ENABLE_NS_ASSERTIONS = NO;
				ENABLE_STRICT_OBJC_MSGSEND = YES;
				GCC_C_LANGUAGE_STANDARD = gnu11;
				GCC_NO_COMMON_BLOCKS = YES;
				GCC_WARN_64_TO_32_BIT_CONVERSION = YES;
				GCC_WARN_ABOUT_RETURN_TYPE = YES_ERROR;
				GCC_WARN_UNDECLARED_SELECTOR = YES;
				GCC_WARN_UNINITIALIZED_AUTOS = YES_AGGRESSIVE;
				GCC_WARN_UNUSED_FUNCTION = YES;
				GCC_WARN_UNUSED_VARIABLE = YES;
				IPHONEOS_DEPLOYMENT_TARGET = 16.0;
				MTL_ENABLE_DEBUG_INFO = NO;
				MTL_FAST_MATH = YES;
				SDKROOT = iphoneos;
				SWIFT_COMPILATION_MODE = wholemodule;
				SWIFT_OPTIMIZATION_LEVEL = "-O";
				VALIDATE_PRODUCT = YES;
			};
			name = Release;
		};
		DBD744E6299AD2F0005C2EC8 /* Debug */ = {
			isa = XCBuildConfiguration;
			buildSettings = {
				ASSETCATALOG_COMPILER_APPICON_NAME = AppIcon;
				ASSETCATALOG_COMPILER_GLOBAL_ACCENT_COLOR_NAME = AccentColor;
				CODE_SIGN_STYLE = Automatic;
				CURRENT_PROJECT_VERSION = 1;
				GENERATE_INFOPLIST_FILE = YES;
				INFOPLIST_FILE = BruteForcePassword/Resources/Info.plist;
				INFOPLIST_KEY_UIApplicationSupportsIndirectInputEvents = YES;
				INFOPLIST_KEY_UILaunchStoryboardName = LaunchScreen;
				INFOPLIST_KEY_UISupportedInterfaceOrientations_iPad = "UIInterfaceOrientationPortrait UIInterfaceOrientationPortraitUpsideDown UIInterfaceOrientationLandscapeLeft UIInterfaceOrientationLandscapeRight";
				INFOPLIST_KEY_UISupportedInterfaceOrientations_iPhone = "UIInterfaceOrientationPortrait UIInterfaceOrientationLandscapeLeft UIInterfaceOrientationLandscapeRight";
				LD_RUNPATH_SEARCH_PATHS = (
					"$(inherited)",
					"@executable_path/Frameworks",
				);
				MARKETING_VERSION = 1.0;
				PRODUCT_BUNDLE_IDENTIFIER = igor.BruteForcePassword;
				PRODUCT_NAME = "$(TARGET_NAME)";
				SWIFT_EMIT_LOC_STRINGS = YES;
				SWIFT_VERSION = 5.0;
				TARGETED_DEVICE_FAMILY = "1,2";
			};
			name = Debug;
		};
		DBD744E7299AD2F0005C2EC8 /* Release */ = {
			isa = XCBuildConfiguration;
			buildSettings = {
				ASSETCATALOG_COMPILER_APPICON_NAME = AppIcon;
				ASSETCATALOG_COMPILER_GLOBAL_ACCENT_COLOR_NAME = AccentColor;
				CODE_SIGN_STYLE = Automatic;
				CURRENT_PROJECT_VERSION = 1;
				GENERATE_INFOPLIST_FILE = YES;
				INFOPLIST_FILE = BruteForcePassword/Resources/Info.plist;
				INFOPLIST_KEY_UIApplicationSupportsIndirectInputEvents = YES;
				INFOPLIST_KEY_UILaunchStoryboardName = LaunchScreen;
				INFOPLIST_KEY_UISupportedInterfaceOrientations_iPad = "UIInterfaceOrientationPortrait UIInterfaceOrientationPortraitUpsideDown UIInterfaceOrientationLandscapeLeft UIInterfaceOrientationLandscapeRight";
				INFOPLIST_KEY_UISupportedInterfaceOrientations_iPhone = "UIInterfaceOrientationPortrait UIInterfaceOrientationLandscapeLeft UIInterfaceOrientationLandscapeRight";
				LD_RUNPATH_SEARCH_PATHS = (
					"$(inherited)",
					"@executable_path/Frameworks",
				);
				MARKETING_VERSION = 1.0;
				PRODUCT_BUNDLE_IDENTIFIER = igor.BruteForcePassword;
				PRODUCT_NAME = "$(TARGET_NAME)";
				SWIFT_EMIT_LOC_STRINGS = YES;
				SWIFT_VERSION = 5.0;
				TARGETED_DEVICE_FAMILY = "1,2";
			};
			name = Release;
		};
/* End XCBuildConfiguration section */

/* Begin XCConfigurationList section */
		DBD744CC299AD2EF005C2EC8 /* Build configuration list for PBXProject "BruteForcePassword" */ = {
			isa = XCConfigurationList;
			buildConfigurations = (
				DBD744E3299AD2F0005C2EC8 /* Debug */,
				DBD744E4299AD2F0005C2EC8 /* Release */,
			);
			defaultConfigurationIsVisible = 0;
			defaultConfigurationName = Release;
		};
		DBD744E5299AD2F0005C2EC8 /* Build configuration list for PBXNativeTarget "BruteForcePassword" */ = {
			isa = XCConfigurationList;
			buildConfigurations = (
				DBD744E6299AD2F0005C2EC8 /* Debug */,
				DBD744E7299AD2F0005C2EC8 /* Release */,
			);
			defaultConfigurationIsVisible = 0;
			defaultConfigurationName = Release;
		};
/* End XCConfigurationList section */
	};
	rootObject = DBD744C9299AD2EF005C2EC8 /* Project object */;
}
